
Microsoft Visual Studio Solution File, Format Version 12.00
# Visual Studio 15
VisualStudioVersion = 15.0.28010.2016
MinimumVisualStudioVersion = 10.0.40219.1
Project("{FAE04EC0-301F-11D3-BF4B-00C04F79EFBC}") = "ATM_App2", "ATM_App2\ATM_App2.csproj", "{158A0B24-2110-4C89-8C0F-7C5D3D7C9EC7}"
EndProject
Project("{FAE04EC0-301F-11D3-BF4B-00C04F79EFBC}") = "ATM_App2_UnitTest", "ATM_App2_UnitTest\ATM_App2_UnitTest.csproj", "{1A5E591B-6320-45E4-9A1B-48B37379D962}"
EndProject
Project("{FAE04EC0-301F-11D3-BF4B-00C04F79EFBC}") = "APP_Atm2_IntegrationTest", "APP_Atm2_IntegrationTest\APP_Atm2_IntegrationTest.csproj", "{E7684623-82D1-48C5-B9FE-259A65FFC81E}"
EndProject
Global
	GlobalSection(SolutionConfigurationPlatforms) = preSolution
		Debug|Any CPU = Debug|Any CPU
		Release|Any CPU = Release|Any CPU
	EndGlobalSection
	GlobalSection(ProjectConfigurationPlatforms) = postSolution
		{158A0B24-2110-4C89-8C0F-7C5D3D7C9EC7}.Debug|Any CPU.ActiveCfg = Debug|Any CPU
		{158A0B24-2110-4C89-8C0F-7C5D3D7C9EC7}.Debug|Any CPU.Build.0 = Debug|Any CPU
		{158A0B24-2110-4C89-8C0F-7C5D3D7C9EC7}.Release|Any CPU.ActiveCfg = Release|Any CPU
		{158A0B24-2110-4C89-8C0F-7C5D3D7C9EC7}.Release|Any CPU.Build.0 = Release|Any CPU
		{1A5E591B-6320-45E4-9A1B-48B37379D962}.Debug|Any CPU.ActiveCfg = Debug|Any CPU
		{1A5E591B-6320-45E4-9A1B-48B37379D962}.Debug|Any CPU.Build.0 = Debug|Any CPU
		{1A5E591B-6320-45E4-9A1B-48B37379D962}.Release|Any CPU.ActiveCfg = Release|Any CPU
		{1A5E591B-6320-45E4-9A1B-48B37379D962}.Release|Any CPU.Build.0 = Release|Any CPU
		{E7684623-82D1-48C5-B9FE-259A65FFC81E}.Debug|Any CPU.ActiveCfg = Debug|Any CPU
		{E7684623-82D1-48C5-B9FE-259A65FFC81E}.Debug|Any CPU.Build.0 = Debug|Any CPU
		{E7684623-82D1-48C5-B9FE-259A65FFC81E}.Release|Any CPU.ActiveCfg = Release|Any CPU
		{E7684623-82D1-48C5-B9FE-259A65FFC81E}.Release|Any CPU.Build.0 = Release|Any CPU
	EndGlobalSection
	GlobalSection(SolutionProperties) = preSolution
		HideSolutionNode = FALSE
	EndGlobalSection
	GlobalSection(ExtensibilityGlobals) = postSolution
		SolutionGuid = {9AD20D92-C4DD-4963-8DA6-87B0915DC280}
	EndGlobalSection
EndGlobal
